// !$*UTF8*$!
{
	archiveVersion = 1;
	classes = {
	};
	objectVersion = 77;
	objects = {

/* Begin PBXContainerItemProxy section */
		67C60F7C2EB672CF006C36DF /* PBXContainerItemProxy */ = {
			isa = PBXContainerItemProxy;
			containerPortal = 67C60F662EB672CC006C36DF /* Project object */;
			proxyType = 1;
			remoteGlobalIDString = 67C60F6D2EB672CC006C36DF;
			remoteInfo = "iOS-MVVM-CleanArchitecture";
		};
		67C60F862EB672CF006C36DF /* PBXContainerItemProxy */ = {
			isa = PBXContainerItemProxy;
			containerPortal = 67C60F662EB672CC006C36DF /* Project object */;
			proxyType = 1;
			remoteGlobalIDString = 67C60F6D2EB672CC006C36DF;
			remoteInfo = "iOS-MVVM-CleanArchitecture";
		};
/* End PBXContainerItemProxy section */

/* Begin PBXFileReference section */
		67C60F6E2EB672CC006C36DF /* iOS-MVVM-CleanArchitecture.app */ = {isa = PBXFileReference; explicitFileType = wrapper.application; includeInIndex = 0; path = "iOS-MVVM-CleanArchitecture.app"; sourceTree = BUILT_PRODUCTS_DIR; };
		67C60F7B2EB672CF006C36DF /* iOS-MVVM-CleanArchitectureTests.xctest */ = {isa = PBXFileReference; explicitFileType = wrapper.cfbundle; includeInIndex = 0; path = "iOS-MVVM-CleanArchitectureTests.xctest"; sourceTree = BUILT_PRODUCTS_DIR; };
		67C60F852EB672CF006C36DF /* iOS-MVVM-CleanArchitectureUITests.xctest */ = {isa = PBXFileReference; explicitFileType = wrapper.cfbundle; includeInIndex = 0; path = "iOS-MVVM-CleanArchitectureUITests.xctest"; sourceTree = BUILT_PRODUCTS_DIR; };
/* End PBXFileReference section */

/* Begin PBXFileSystemSynchronizedBuildFileExceptionSet section */
		6770007D2EDF4D3C000A8206 /* Exceptions for "iOS-MVVM-CleanArchitectureTests" folder in "iOS-MVVM-CleanArchitectureUITests" target */ = {
			isa = PBXFileSystemSynchronizedBuildFileExceptionSet;
			membershipExceptions = (
				MockAPIService.swift,
				MovieListViewModelTests.swift,
			);
			target = 67C60F842EB672CF006C36DF /* iOS-MVVM-CleanArchitectureUITests */;
		};
		677001572EE29586000A8206 /* Exceptions for "iOS-MVVM-CleanArchitecture" folder in "iOS-MVVM-CleanArchitectureTests" target */ = {
			isa = PBXFileSystemSynchronizedBuildFileExceptionSet;
			membershipExceptions = (
				Core/Models/Movie.swift,
				Core/Service/APIServiceProtocol.swift,
				Features/MovieList/MovieListViewModel.swift,
			);
			target = 67C60F7A2EB672CF006C36DF /* iOS-MVVM-CleanArchitectureTests */;
		};
		677001582EE29586000A8206 /* Exceptions for "iOS-MVVM-CleanArchitecture" folder in "iOS-MVVM-CleanArchitectureUITests" target */ = {
			isa = PBXFileSystemSynchronizedBuildFileExceptionSet;
			membershipExceptions = (
				Core/Models/Movie.swift,
				Core/Service/APIServiceProtocol.swift,
				Features/MovieList/MovieListViewModel.swift,
			);
			target = 67C60F842EB672CF006C36DF /* iOS-MVVM-CleanArchitectureUITests */;
		};
/* End PBXFileSystemSynchronizedBuildFileExceptionSet section */

/* Begin PBXFileSystemSynchronizedRootGroup section */
		67C60F702EB672CC006C36DF /* iOS-MVVM-CleanArchitecture */ = {
			isa = PBXFileSystemSynchronizedRootGroup;
			exceptions = (
				677001572EE29586000A8206 /* Exceptions for "iOS-MVVM-CleanArchitecture" folder in "iOS-MVVM-CleanArchitectureTests" target */,
				677001582EE29586000A8206 /* Exceptions for "iOS-MVVM-CleanArchitecture" folder in "iOS-MVVM-CleanArchitectureUITests" target */,
			);
			path = "iOS-MVVM-CleanArchitecture";
			sourceTree = "<group>";
		};
		67C60F7E2EB672CF006C36DF /* iOS-MVVM-CleanArchitectureTests */ = {
			isa = PBXFileSystemSynchronizedRootGroup;
			exceptions = (
				6770007D2EDF4D3C000A8206 /* Exceptions for "iOS-MVVM-CleanArchitectureTests" folder in "iOS-MVVM-CleanArchitectureUITests" target */,
			);
			path = "iOS-MVVM-CleanArchitectureTests";
			sourceTree = "<group>";
		};
		67C60F882EB672CF006C36DF /* iOS-MVVM-CleanArchitectureUITests */ = {
			isa = PBXFileSystemSynchronizedRootGroup;
			path = "iOS-MVVM-CleanArchitectureUITests";
			sourceTree = "<group>";
		};
/* End PBXFileSystemSynchronizedRootGroup section */

/* Begin PBXFrameworksBuildPhase section */
		67C60F6B2EB672CC006C36DF /* Frameworks */ = {
			isa = PBXFrameworksBuildPhase;
			buildActionMask = 2147483647;
			files = (
			);
			runOnlyForDeploymentPostprocessing = 0;
		};
		67C60F782EB672CF006C36DF /* Frameworks */ = {
			isa = PBXFrameworksBuildPhase;
			buildActionMask = 2147483647;
			files = (
			);
			runOnlyForDeploymentPostprocessing = 0;
		};
		67C60F822EB672CF006C36DF /* Frameworks */ = {
			isa = PBXFrameworksBuildPhase;
			buildActionMask = 2147483647;
			files = (
			);
			runOnlyForDeploymentPostprocessing = 0;
		};
/* End PBXFrameworksBuildPhase section */

/* Begin PBXGroup section */
		67C60F652EB672CC006C36DF = {
			isa = PBXGroup;
			children = (
				67C60F702EB672CC006C36DF /* iOS-MVVM-CleanArchitecture */,
				67C60F7E2EB672CF006C36DF /* iOS-MVVM-CleanArchitectureTests */,
				67C60F882EB672CF006C36DF /* iOS-MVVM-CleanArchitectureUITests */,
				67C60F6F2EB672CC006C36DF /* Products */,
			);
			sourceTree = "<group>";
		};
		67C60F6F2EB672CC006C36DF /* Products */ = {
			isa = PBXGroup;
			children = (
				67C60F6E2EB672CC006C36DF /* iOS-MVVM-CleanArchitecture.app */,
				67C60F7B2EB672CF006C36DF /* iOS-MVVM-CleanArchitectureTests.xctest */,
				67C60F852EB672CF006C36DF /* iOS-MVVM-CleanArchitectureUITests.xctest */,
			);
			name = Products;
			sourceTree = "<group>";
		};
/* End PBXGroup section */

/* Begin PBXNativeTarget section */
		67C60F6D2EB672CC006C36DF /* iOS-MVVM-CleanArchitecture */ = {
			isa = PBXNativeTarget;
			buildConfigurationList = 67C60F8F2EB672CF006C36DF /* Build configuration list for PBXNativeTarget "iOS-MVVM-CleanArchitecture" */;
			buildPhases = (
				67C60F6A2EB672CC006C36DF /* Sources */,
				67C60F6B2EB672CC006C36DF /* Frameworks */,
				67C60F6C2EB672CC006C36DF /* Resources */,
			);
			buildRules = (
			);
			dependencies = (
			);
			fileSystemSynchronizedGroups = (
				67C60F702EB672CC006C36DF /* iOS-MVVM-CleanArchitecture */,
			);
			name = "iOS-MVVM-CleanArchitecture";
			packageProductDependencies = (
			);
			productName = "iOS-MVVM-CleanArchitecture";
			productReference = 67C60F6E2EB672CC006C36DF /* iOS-MVVM-CleanArchitecture.app */;
			productType = "com.apple.product-type.application";
		};
		67C60F7A2EB672CF006C36DF /* iOS-MVVM-CleanArchitectureTests */ = {
			isa = PBXNativeTarget;
			buildConfigurationList = 67C60F922EB672CF006C36DF /* Build configuration list for PBXNativeTarget "iOS-MVVM-CleanArchitectureTests" */;
			buildPhases = (
				67C60F772EB672CF006C36DF /* Sources */,
				67C60F782EB672CF006C36DF /* Frameworks */,
				67C60F792EB672CF006C36DF /* Resources */,
			);
			buildRules = (
			);
			dependencies = (
				67C60F7D2EB672CF006C36DF /* PBXTargetDependency */,
			);
			fileSystemSynchronizedGroups = (
				67C60F7E2EB672CF006C36DF /* iOS-MVVM-CleanArchitectureTests */,
			);
			name = "iOS-MVVM-CleanArchitectureTests";
			packageProductDependencies = (
			);
			productName = "iOS-MVVM-CleanArchitectureTests";
			productReference = 67C60F7B2EB672CF006C36DF /* iOS-MVVM-CleanArchitectureTests.xctest */;
			productType = "com.apple.product-type.bundle.unit-test";
		};
		67C60F842EB672CF006C36DF /* iOS-MVVM-CleanArchitectureUITests */ = {
			isa = PBXNativeTarget;
			buildConfigurationList = 67C60F952EB672CF006C36DF /* Build configuration list for PBXNativeTarget "iOS-MVVM-CleanArchitectureUITests" */;
			buildPhases = (
				67C60F812EB672CF006C36DF /* Sources */,
				67C60F822EB672CF006C36DF /* Frameworks */,
				67C60F832EB672CF006C36DF /* Resources */,
			);
			buildRules = (
			);
			dependencies = (
				67C60F872EB672CF006C36DF /* PBXTargetDependency */,
			);
			fileSystemSynchronizedGroups = (
				67C60F882EB672CF006C36DF /* iOS-MVVM-CleanArchitectureUITests */,
			);
			name = "iOS-MVVM-CleanArchitectureUITests";
			packageProductDependencies = (
			);
			productName = "iOS-MVVM-CleanArchitectureUITests";
			productReference = 67C60F852EB672CF006C36DF /* iOS-MVVM-CleanArchitectureUITests.xctest */;
			productType = "com.apple.product-type.bundle.ui-testing";
		};
/* End PBXNativeTarget section */

/* Begin PBXProject section */
		67C60F662EB672CC006C36DF /* Project object */ = {
			isa = PBXProject;
			attributes = {
				BuildIndependentTargetsInParallel = 1;
				LastSwiftUpdateCheck = 1640;
				LastUpgradeCheck = 1640;
				TargetAttributes = {
					67C60F6D2EB672CC006C36DF = {
						CreatedOnToolsVersion = 16.4;
					};
					67C60F7A2EB672CF006C36DF = {
						CreatedOnToolsVersion = 16.4;
						TestTargetID = 67C60F6D2EB672CC006C36DF;
					};
					67C60F842EB672CF006C36DF = {
						CreatedOnToolsVersion = 16.4;
						TestTargetID = 67C60F6D2EB672CC006C36DF;
					};
				};
			};
			buildConfigurationList = 67C60F692EB672CC006C36DF /* Build configuration list for PBXProject "iOS-MVVM-CleanArchitecture" */;
			developmentRegion = en;
			hasScannedForEncodings = 0;
			knownRegions = (
				en,
				Base,
			);
			mainGroup = 67C60F652EB672CC006C36DF;
			minimizedProjectReferenceProxies = 1;
			preferredProjectObjectVersion = 77;
			productRefGroup = 67C60F6F2EB672CC006C36DF /* Products */;
			projectDirPath = "";
			projectRoot = "";
			targets = (
				67C60F6D2EB672CC006C36DF /* iOS-MVVM-CleanArchitecture */,
				67C60F7A2EB672CF006C36DF /* iOS-MVVM-CleanArchitectureTests */,
				67C60F842EB672CF006C36DF /* iOS-MVVM-CleanArchitectureUITests */,
			);
		};
/* End PBXProject section */

/* Begin PBXResourcesBuildPhase section */
		67C60F6C2EB672CC006C36DF /* Resources */ = {
			isa = PBXResourcesBuildPhase;
			buildActionMask = 2147483647;
			files = (
			);
			runOnlyForDeploymentPostprocessing = 0;
		};
		67C60F792EB672CF006C36DF /* Resources */ = {
			isa = PBXResourcesBuildPhase;
			buildActionMask = 2147483647;
			files = (
			);
			runOnlyForDeploymentPostprocessing = 0;
		};
		67C60F832EB672CF006C36DF /* Resources */ = {
			isa = PBXResourcesBuildPhase;
			buildActionMask = 2147483647;
			files = (
			);
			runOnlyForDeploymentPostprocessing = 0;
		};
/* End PBXResourcesBuildPhase section */

/* Begin PBXSourcesBuildPhase section */
		67C60F6A2EB672CC006C36DF /* Sources */ = {
			isa = PBXSourcesBuildPhase;
			buildActionMask = 2147483647;
			files = (
			);
			runOnlyForDeploymentPostprocessing = 0;
		};
		67C60F772EB672CF006C36DF /* Sources */ = {
			isa = PBXSourcesBuildPhase;
			buildActionMask = 2147483647;
			files = (
			);
			runOnlyForDeploymentPostprocessing = 0;
		};
		67C60F812EB672CF006C36DF /* Sources */ = {
			isa = PBXSourcesBuildPhase;
			buildActionMask = 2147483647;
			files = (
			);
			runOnlyForDeploymentPostprocessing = 0;
		};
/* End PBXSourcesBuildPhase section */

/* Begin PBXTargetDependency section */
		67C60F7D2EB672CF006C36DF /* PBXTargetDependency */ = {
			isa = PBXTargetDependency;
			target = 67C60F6D2EB672CC006C36DF /* iOS-MVVM-CleanArchitecture */;
			targetProxy = 67C60F7C2EB672CF006C36DF /* PBXContainerItemProxy */;
		};
		67C60F872EB672CF006C36DF /* PBXTargetDependency */ = {
			isa = PBXTargetDependency;
			target = 67C60F6D2EB672CC006C36DF /* iOS-MVVM-CleanArchitecture */;
			targetProxy = 67C60F862EB672CF006C36DF /* PBXContainerItemProxy */;
		};
/* End PBXTargetDependency section */

/* Begin XCBuildConfiguration section */
		67C60F8D2EB672CF006C36DF /* Debug */ = {
			isa = XCBuildConfiguration;
			buildSettings = {
				ALWAYS_SEARCH_USER_PATHS = NO;
				ASSETCATALOG_COMPILER_GENERATE_SWIFT_ASSET_SYMBOL_EXTENSIONS = YES;
				CLANG_ANALYZER_NONNULL = YES;
				CLANG_ANALYZER_NUMBER_OBJECT_CONVERSION = YES_AGGRESSIVE;
				CLANG_CXX_LANGUAGE_STANDARD = "gnu++20";
				CLANG_ENABLE_MODULES = YES;
				CLANG_ENABLE_OBJC_ARC = YES;
				CLANG_ENABLE_OBJC_WEAK = YES;
				CLANG_WARN_BLOCK_CAPTURE_AUTORELEASING = YES;
				CLANG_WARN_BOOL_CONVERSION = YES;
				CLANG_WARN_COMMA = YES;
				CLANG_WARN_CONSTANT_CONVERSION = YES;
				CLANG_WARN_DEPRECATED_OBJC_IMPLEMENTATIONS = YES;
				CLANG_WARN_DIRECT_OBJC_ISA_USAGE = YES_ERROR;
				CLANG_WARN_DOCUMENTATION_COMMENTS = YES;
				CLANG_WARN_EMPTY_BODY = YES;
				CLANG_WARN_ENUM_CONVERSION = YES;
				CLANG_WARN_INFINITE_RECURSION = YES;
				CLANG_WARN_INT_CONVERSION = YES;
				CLANG_WARN_NON_LITERAL_NULL_CONVERSION = YES;
				CLANG_WARN_OBJC_IMPLICIT_RETAIN_SELF = YES;
				CLANG_WARN_OBJC_LITERAL_CONVERSION = YES;
				CLANG_WARN_OBJC_ROOT_CLASS = YES_ERROR;
				CLANG_WARN_QUOTED_INCLUDE_IN_FRAMEWORK_HEADER = YES;
				CLANG_WARN_RANGE_LOOP_ANALYSIS = YES;
				CLANG_WARN_STRICT_PROTOTYPES = YES;
				CLANG_WARN_SUSPICIOUS_MOVE = YES;
				CLANG_WARN_UNGUARDED_AVAILABILITY = YES_AGGRESSIVE;
				CLANG_WARN_UNREACHABLE_CODE = YES;
				CLANG_WARN__DUPLICATE_METHOD_MATCH = YES;
				COPY_PHASE_STRIP = NO;
				DEBUG_INFORMATION_FORMAT = dwarf;
				DEVELOPMENT_TEAM = 79X737MFXF;
				ENABLE_STRICT_OBJC_MSGSEND = YES;
				ENABLE_TESTABILITY = YES;
				ENABLE_USER_SCRIPT_SANDBOXING = YES;
				GCC_C_LANGUAGE_STANDARD = gnu17;
				GCC_DYNAMIC_NO_PIC = NO;
				GCC_NO_COMMON_BLOCKS = YES;
				GCC_OPTIMIZATION_LEVEL = 0;
				GCC_PREPROCESSOR_DEFINITIONS = (
					"DEBUG=1",
					"$(inherited)",
				);
				GCC_WARN_64_TO_32_BIT_CONVERSION = YES;
				GCC_WARN_ABOUT_RETURN_TYPE = YES_ERROR;
				GCC_WARN_UNDECLARED_SELECTOR = YES;
				GCC_WARN_UNINITIALIZED_AUTOS = YES_AGGRESSIVE;
				GCC_WARN_UNUSED_FUNCTION = YES;
				GCC_WARN_UNUSED_VARIABLE = YES;
				IPHONEOS_DEPLOYMENT_TARGET = 18.5;
				LOCALIZATION_PREFERS_STRING_CATALOGS = YES;
				MTL_ENABLE_DEBUG_INFO = INCLUDE_SOURCE;
				MTL_FAST_MATH = YES;
				ONLY_ACTIVE_ARCH = YES;
				SDKROOT = iphoneos;
				SWIFT_ACTIVE_COMPILATION_CONDITIONS = "DEBUG $(inherited)";
				SWIFT_OPTIMIZATION_LEVEL = "-Onone";
			};
			name = Debug;
		};
		67C60F8E2EB672CF006C36DF /* Release */ = {
			isa = XCBuildConfiguration;
			buildSettings = {
				ALWAYS_SEARCH_USER_PATHS = NO;
				ASSETCATALOG_COMPILER_GENERATE_SWIFT_ASSET_SYMBOL_EXTENSIONS = YES;
				CLANG_ANALYZER_NONNULL = YES;
				CLANG_ANALYZER_NUMBER_OBJECT_CONVERSION = YES_AGGRESSIVE;
				CLANG_CXX_LANGUAGE_STANDARD = "gnu++20";
				CLANG_ENABLE_MODULES = YES;
				CLANG_ENABLE_OBJC_ARC = YES;
				CLANG_ENABLE_OBJC_WEAK = YES;
				CLANG_WARN_BLOCK_CAPTURE_AUTORELEASING = YES;
				CLANG_WARN_BOOL_CONVERSION = YES;
				CLANG_WARN_COMMA = YES;
				CLANG_WARN_CONSTANT_CONVERSION = YES;
				CLANG_WARN_DEPRECATED_OBJC_IMPLEMENTATIONS = YES;
				CLANG_WARN_DIRECT_OBJC_ISA_USAGE = YES_ERROR;
				CLANG_WARN_DOCUMENTATION_COMMENTS = YES;
				CLANG_WARN_EMPTY_BODY = YES;
				CLANG_WARN_ENUM_CONVERSION = YES;
				CLANG_WARN_INFINITE_RECURSION = YES;
				CLANG_WARN_INT_CONVERSION = YES;
				CLANG_WARN_NON_LITERAL_NULL_CONVERSION = YES;
				CLANG_WARN_OBJC_IMPLICIT_RETAIN_SELF = YES;
				CLANG_WARN_OBJC_LITERAL_CONVERSION = YES;
				CLANG_WARN_OBJC_ROOT_CLASS = YES_ERROR;
				CLANG_WARN_QUOTED_INCLUDE_IN_FRAMEWORK_HEADER = YES;
				CLANG_WARN_RANGE_LOOP_ANALYSIS = YES;
				CLANG_WARN_STRICT_PROTOTYPES = YES;
				CLANG_WARN_SUSPICIOUS_MOVE = YES;
				CLANG_WARN_UNGUARDED_AVAILABILITY = YES_AGGRESSIVE;
				CLANG_WARN_UNREACHABLE_CODE = YES;
				CLANG_WARN__DUPLICATE_METHOD_MATCH = YES;
				COPY_PHASE_STRIP = NO;
				DEBUG_INFORMATION_FORMAT = "dwarf-with-dsym";
				DEVELOPMENT_TEAM = 79X737MFXF;
				ENABLE_NS_ASSERTIONS = NO;
				ENABLE_STRICT_OBJC_MSGSEND = YES;
				ENABLE_USER_SCRIPT_SANDBOXING = YES;
				GCC_C_LANGUAGE_STANDARD = gnu17;
				GCC_NO_COMMON_BLOCKS = YES;
				GCC_WARN_64_TO_32_BIT_CONVERSION = YES;
				GCC_WARN_ABOUT_RETURN_TYPE = YES_ERROR;
				GCC_WARN_UNDECLARED_SELECTOR = YES;
				GCC_WARN_UNINITIALIZED_AUTOS = YES_AGGRESSIVE;
				GCC_WARN_UNUSED_FUNCTION = YES;
				GCC_WARN_UNUSED_VARIABLE = YES;
				IPHONEOS_DEPLOYMENT_TARGET = 18.5;
				LOCALIZATION_PREFERS_STRING_CATALOGS = YES;
				MTL_ENABLE_DEBUG_INFO = NO;
				MTL_FAST_MATH = YES;
				SDKROOT = iphoneos;
				SWIFT_COMPILATION_MODE = wholemodule;
				VALIDATE_PRODUCT = YES;
			};
			name = Release;
		};
		67C60F902EB672CF006C36DF /* Debug */ = {
			isa = XCBuildConfiguration;
			buildSettings = {
				ASSETCATALOG_COMPILER_APPICON_NAME = AppIcon;
				ASSETCATALOG_COMPILER_GLOBAL_ACCENT_COLOR_NAME = AccentColor;
				CODE_SIGN_STYLE = Automatic;
				CURRENT_PROJECT_VERSION = 1;
				DEFINES_MODULE = YES;
				DEVELOPMENT_TEAM = GCJAQKG3A6;
				ENABLE_PREVIEWS = YES;
				GENERATE_INFOPLIST_FILE = YES;
				INFOPLIST_KEY_UIApplicationSceneManifest_Generation = YES;
				INFOPLIST_KEY_UIApplicationSupportsIndirectInputEvents = YES;
				INFOPLIST_KEY_UILaunchScreen_Generation = YES;
				INFOPLIST_KEY_UISupportedInterfaceOrientations_iPad = "UIInterfaceOrientationPortrait UIInterfaceOrientationPortraitUpsideDown UIInterfaceOrientationLandscapeLeft UIInterfaceOrientationLandscapeRight";
				INFOPLIST_KEY_UISupportedInterfaceOrientations_iPhone = "UIInterfaceOrientationPortrait UIInterfaceOrientationLandscapeLeft UIInterfaceOrientationLandscapeRight";
				LD_RUNPATH_SEARCH_PATHS = (
					"$(inherited)",
					"@executable_path/Frameworks",
				);
				MARKETING_VERSION = 1.0;
				PRODUCT_BUNDLE_IDENTIFIER = "com.ambrosiasys.iOS-MVVM-CleanArchitecture";
				PRODUCT_NAME = "$(TARGET_NAME)";
				SWIFT_EMIT_LOC_STRINGS = YES;
				SWIFT_VERSION = 5.0;
				TARGETED_DEVICE_FAMILY = "1,2";
			};
			name = Debug;
		};
		67C60F912EB672CF006C36DF /* Release */ = {
			isa = XCBuildConfiguration;
			buildSettings = {
				ASSETCATALOG_COMPILER_APPICON_NAME = AppIcon;
				ASSETCATALOG_COMPILER_GLOBAL_ACCENT_COLOR_NAME = AccentColor;
				CODE_SIGN_STYLE = Automatic;
				CURRENT_PROJECT_VERSION = 1;
				DEFINES_MODULE = YES;
				DEVELOPMENT_TEAM = GCJAQKG3A6;
				ENABLE_PREVIEWS = YES;
				GENERATE_INFOPLIST_FILE = YES;
				INFOPLIST_KEY_UIApplicationSceneManifest_Generation = YES;
				INFOPLIST_KEY_UIApplicationSupportsIndirectInputEvents = YES;
				INFOPLIST_KEY_UILaunchScreen_Generation = YES;
				INFOPLIST_KEY_UISupportedInterfaceOrientations_iPad = "UIInterfaceOrientationPortrait UIInterfaceOrientationPortraitUpsideDown UIInterfaceOrientationLandscapeLeft UIInterfaceOrientationLandscapeRight";
				INFOPLIST_KEY_UISupportedInterfaceOrientations_iPhone = "UIInterfaceOrientationPortrait UIInterfaceOrientationLandscapeLeft UIInterfaceOrientationLandscapeRight";
				LD_RUNPATH_SEARCH_PATHS = (
					"$(inherited)",
					"@executable_path/Frameworks",
				);
				MARKETING_VERSION = 1.0;
				PRODUCT_BUNDLE_IDENTIFIER = "com.ambrosiasys.iOS-MVVM-CleanArchitecture";
				PRODUCT_NAME = "$(TARGET_NAME)";
				SWIFT_EMIT_LOC_STRINGS = YES;
				SWIFT_VERSION = 5.0;
				TARGETED_DEVICE_FAMILY = "1,2";
			};
			name = Release;
		};
		67C60F932EB672CF006C36DF /* Debug */ = {
			isa = XCBuildConfiguration;
			buildSettings = {
				BUNDLE_LOADER = "$(TEST_HOST)";
				CODE_SIGN_STYLE = Automatic;
				CURRENT_PROJECT_VERSION = 1;
				DEVELOPMENT_TEAM = GCJAQKG3A6;
				GENERATE_INFOPLIST_FILE = YES;
				IPHONEOS_DEPLOYMENT_TARGET = 18.5;
				MARKETING_VERSION = 1.0;
				PRODUCT_BUNDLE_IDENTIFIER = "com.ambrosiasys.iOS-MVVM-CleanArchitectureTests";
				PRODUCT_NAME = "$(TARGET_NAME)";
				SWIFT_EMIT_LOC_STRINGS = NO;
				SWIFT_VERSION = 5.0;
				TARGETED_DEVICE_FAMILY = "1,2";
				TEST_HOST = "$(BUILT_PRODUCTS_DIR)/iOS-MVVM-CleanArchitecture.app/$(BUNDLE_EXECUTABLE_FOLDER_PATH)/iOS-MVVM-CleanArchitecture";
			};
			name = Debug;
		};
		67C60F942EB672CF006C36DF /* Release */ = {
			isa = XCBuildConfiguration;
			buildSettings = {
				BUNDLE_LOADER = "$(TEST_HOST)";
				CODE_SIGN_STYLE = Automatic;
				CURRENT_PROJECT_VERSION = 1;
				DEVELOPMENT_TEAM = GCJAQKG3A6;
				GENERATE_INFOPLIST_FILE = YES;
				IPHONEOS_DEPLOYMENT_TARGET = 18.5;
				MARKETING_VERSION = 1.0;
				PRODUCT_BUNDLE_IDENTIFIER = "com.ambrosiasys.iOS-MVVM-CleanArchitectureTests";
				PRODUCT_NAME = "$(TARGET_NAME)";
				SWIFT_EMIT_LOC_STRINGS = NO;
				SWIFT_VERSION = 5.0;
				TARGETED_DEVICE_FAMILY = "1,2";
				TEST_HOST = "$(BUILT_PRODUCTS_DIR)/iOS-MVVM-CleanArchitecture.app/$(BUNDLE_EXECUTABLE_FOLDER_PATH)/iOS-MVVM-CleanArchitecture";
			};
			name = Release;
		};
		67C60F962EB672CF006C36DF /* Debug */ = {
			isa = XCBuildConfiguration;
			buildSettings = {
				CODE_SIGN_STYLE = Automatic;
				CURRENT_PROJECT_VERSION = 1;
				DEVELOPMENT_TEAM = GCJAQKG3A6;
				GENERATE_INFOPLIST_FILE = YES;
				MARKETING_VERSION = 1.0;
				PRODUCT_BUNDLE_IDENTIFIER = "com.ambrosiasys.iOS-MVVM-CleanArchitectureUITests";
				PRODUCT_NAME = "$(TARGET_NAME)";
				SWIFT_EMIT_LOC_STRINGS = NO;
				SWIFT_VERSION = 5.0;
				TARGETED_DEVICE_FAMILY = "1,2";
				TEST_TARGET_NAME = "iOS-MVVM-CleanArchitecture";
			};
			name = Debug;
		};
		67C60F972EB672CF006C36DF /* Release */ = {
			isa = XCBuildConfiguration;
			buildSettings = {
				CODE_SIGN_STYLE = Automatic;
				CURRENT_PROJECT_VERSION = 1;
				DEVELOPMENT_TEAM = GCJAQKG3A6;
				GENERATE_INFOPLIST_FILE = YES;
				MARKETING_VERSION = 1.0;
				PRODUCT_BUNDLE_IDENTIFIER = "com.ambrosiasys.iOS-MVVM-CleanArchitectureUITests";
				PRODUCT_NAME = "$(TARGET_NAME)";
				SWIFT_EMIT_LOC_STRINGS = NO;
				SWIFT_VERSION = 5.0;
				TARGETED_DEVICE_FAMILY = "1,2";
				TEST_TARGET_NAME = "iOS-MVVM-CleanArchitecture";
			};
			name = Release;
		};
/* End XCBuildConfiguration section */

/* Begin XCConfigurationList section */
		67C60F692EB672CC006C36DF /* Build configuration list for PBXProject "iOS-MVVM-CleanArchitecture" */ = {
			isa = XCConfigurationList;
			buildConfigurations = (
				67C60F8D2EB672CF006C36DF /* Debug */,
				67C60F8E2EB672CF006C36DF /* Release */,
			);
			defaultConfigurationIsVisible = 0;
			defaultConfigurationName = Release;
		};
		67C60F8F2EB672CF006C36DF /* Build configuration list for PBXNativeTarget "iOS-MVVM-CleanArchitecture" */ = {
			isa = XCConfigurationList;
			buildConfigurations = (
				67C60F902EB672CF006C36DF /* Debug */,
				67C60F912EB672CF006C36DF /* Release */,
			);
			defaultConfigurationIsVisible = 0;
			defaultConfigurationName = Release;
		};
		67C60F922EB672CF006C36DF /* Build configuration list for PBXNativeTarget "iOS-MVVM-CleanArchitectureTests" */ = {
			isa = XCConfigurationList;
			buildConfigurations = (
				67C60F932EB672CF006C36DF /* Debug */,
				67C60F942EB672CF006C36DF /* Release */,
			);
			defaultConfigurationIsVisible = 0;
			defaultConfigurationName = Release;
		};
		67C60F952EB672CF006C36DF /* Build configuration list for PBXNativeTarget "iOS-MVVM-CleanArchitectureUITests" */ = {
			isa = XCConfigurationList;
			buildConfigurations = (
				67C60F962EB672CF006C36DF /* Debug */,
				67C60F972EB672CF006C36DF /* Release */,
			);
			defaultConfigurationIsVisible = 0;
			defaultConfigurationName = Release;
		};
/* End XCConfigurationList section */
	};
	rootObject = 67C60F662EB672CC006C36DF /* Project object */;
}
